
Microsoft Visual Studio Solution File, Format Version 12.00
# Visual Studio Version 16
VisualStudioVersion = 16.0.31729.503
MinimumVisualStudioVersion = 10.0.40219.1
Project("{FAE04EC0-301F-11D3-BF4B-00C04F79EFBC}") = "GetInterestingServices2", "GetInterestingServices2\GetInterestingServices2.csproj", "{9575661A-27D4-4DB2-AC05-61E54E0CD283}"
EndProject
Global
	GlobalSection(SolutionConfigurationPlatforms) = preSolution
		Debug|Any CPU = Debug|Any CPU
		Release|Any CPU = Release|Any CPU
	EndGlobalSection
	GlobalSection(ProjectConfigurationPlatforms) = postSolution
		{9575661A-27D4-4DB2-AC05-61E54E0CD283}.Debug|Any CPU.ActiveCfg = Debug|Any CPU
		{9575661A-27D4-4DB2-AC05-61E54E0CD283}.Debug|Any CPU.Build.0 = Debug|Any CPU
		{9575661A-27D4-4DB2-AC05-61E54E0CD283}.Release|Any CPU.ActiveCfg = Release|Any CPU
		{9575661A-27D4-4DB2-AC05-61E54E0CD283}.Release|Any CPU.Build.0 = Release|Any CPU
	EndGlobalSection
	GlobalSection(SolutionProperties) = preSolution
		HideSolutionNode = FALSE
	EndGlobalSection
	GlobalSection(ExtensibilityGlobals) = postSolution
		SolutionGuid = {070AD188-A47C-40CB-B071-ABF6E41EE34A}
	EndGlobalSection
EndGlobal
