
Microsoft Visual Studio Solution File, Format Version 12.00
# Visual Studio Version 16
VisualStudioVersion = 16.0.31321.278
MinimumVisualStudioVersion = 10.0.40219.1
Project("{FAE04EC0-301F-11D3-BF4B-00C04F79EFBC}") = "GetInterestingServices", "GetInterestingServices\GetInterestingServices.csproj", "{560FC49A-45CB-4310-A6BF-47A23A235455}"
EndProject
Global
	GlobalSection(SolutionConfigurationPlatforms) = preSolution
		Debug|Any CPU = Debug|Any CPU
		Release|Any CPU = Release|Any CPU
	EndGlobalSection
	GlobalSection(ProjectConfigurationPlatforms) = postSolution
		{560FC49A-45CB-4310-A6BF-47A23A235455}.Debug|Any CPU.ActiveCfg = Debug|Any CPU
		{560FC49A-45CB-4310-A6BF-47A23A235455}.Debug|Any CPU.Build.0 = Debug|Any CPU
		{560FC49A-45CB-4310-A6BF-47A23A235455}.Release|Any CPU.ActiveCfg = Release|Any CPU
		{560FC49A-45CB-4310-A6BF-47A23A235455}.Release|Any CPU.Build.0 = Release|Any CPU
	EndGlobalSection
	GlobalSection(SolutionProperties) = preSolution
		HideSolutionNode = FALSE
	EndGlobalSection
	GlobalSection(ExtensibilityGlobals) = postSolution
		SolutionGuid = {3F374EBF-BF01-4A66-9DE1-377B598771B9}
	EndGlobalSection
EndGlobal
